// !$*UTF8*$!
{
	archiveVersion = 1;
	classes = {
	};
	objectVersion = 56;
	objects = {

/* Begin PBXBuildFile section */
		760066FC2C7EC5860053144B /* SkyCastApp.swift in Sources */ = {isa = PBXBuildFile; fileRef = 760066FB2C7EC5860053144B /* SkyCastApp.swift */; };
		760066FE2C7EC5860053144B /* ContentView.swift in Sources */ = {isa = PBXBuildFile; fileRef = 760066FD2C7EC5860053144B /* ContentView.swift */; };
		760067002C7EC5880053144B /* Assets.xcassets in Resources */ = {isa = PBXBuildFile; fileRef = 760066FF2C7EC5880053144B /* Assets.xcassets */; };
		760067032C7EC5880053144B /* Preview Assets.xcassets in Resources */ = {isa = PBXBuildFile; fileRef = 760067022C7EC5880053144B /* Preview Assets.xcassets */; };
		7600670D2C7EC5880053144B /* SkyCastTests.swift in Sources */ = {isa = PBXBuildFile; fileRef = 7600670C2C7EC5880053144B /* SkyCastTests.swift */; };
		760067172C7EC5880053144B /* SkyCastUITests.swift in Sources */ = {isa = PBXBuildFile; fileRef = 760067162C7EC5880053144B /* SkyCastUITests.swift */; };
		760067192C7EC5880053144B /* SkyCastUITestsLaunchTests.swift in Sources */ = {isa = PBXBuildFile; fileRef = 760067182C7EC5880053144B /* SkyCastUITestsLaunchTests.swift */; };
		760067272C7EC7560053144B /* Location Manager.swift in Sources */ = {isa = PBXBuildFile; fileRef = 760067262C7EC7560053144B /* Location Manager.swift */; };
		7600672A2C7ED4310053144B /* WelcomeView.swift in Sources */ = {isa = PBXBuildFile; fileRef = 760067292C7ED4310053144B /* WelcomeView.swift */; };
		7600672C2C7EEFCA0053144B /* LoadingView.swift in Sources */ = {isa = PBXBuildFile; fileRef = 7600672B2C7EEFCA0053144B /* LoadingView.swift */; };
		7600672E2C7EFDA60053144B /* Weather Manager.swift in Sources */ = {isa = PBXBuildFile; fileRef = 7600672D2C7EFDA60053144B /* Weather Manager.swift */; };
		760067302C7F114D0053144B /* WeatherView.swift in Sources */ = {isa = PBXBuildFile; fileRef = 7600672F2C7F114D0053144B /* WeatherView.swift */; };
		760067322C7F12480053144B /* ModelData.swift in Sources */ = {isa = PBXBuildFile; fileRef = 760067312C7F12480053144B /* ModelData.swift */; };
		760067342C7F128D0053144B /* weatherData.json in Resources */ = {isa = PBXBuildFile; fileRef = 760067332C7F128D0053144B /* weatherData.json */; };
		760067362C7F13D50053144B /* Extensions.swift in Sources */ = {isa = PBXBuildFile; fileRef = 760067352C7F13D50053144B /* Extensions.swift */; };
		760067392C7F21E30053144B /* WeatherRow.swift in Sources */ = {isa = PBXBuildFile; fileRef = 760067382C7F21E30053144B /* WeatherRow.swift */; };
		7600673B2C8021BC0053144B /* HomeView.swift in Sources */ = {isa = PBXBuildFile; fileRef = 7600673A2C8021BC0053144B /* HomeView.swift */; };
		7600673F2C8022390053144B /* ShareLocationView.swift in Sources */ = {isa = PBXBuildFile; fileRef = 7600673E2C8022390053144B /* ShareLocationView.swift */; };
/* End PBXBuildFile section */

/* Begin PBXContainerItemProxy section */
		760067092C7EC5880053144B /* PBXContainerItemProxy */ = {
			isa = PBXContainerItemProxy;
			containerPortal = 760066F02C7EC5860053144B /* Project object */;
			proxyType = 1;
			remoteGlobalIDString = 760066F72C7EC5860053144B;
			remoteInfo = SkyCast;
		};
		760067132C7EC5880053144B /* PBXContainerItemProxy */ = {
			isa = PBXContainerItemProxy;
			containerPortal = 760066F02C7EC5860053144B /* Project object */;
			proxyType = 1;
			remoteGlobalIDString = 760066F72C7EC5860053144B;
			remoteInfo = SkyCast;
		};
/* End PBXContainerItemProxy section */

/* Begin PBXFileReference section */
		760066F82C7EC5860053144B /* SkyCast.app */ = {isa = PBXFileReference; explicitFileType = wrapper.application; includeInIndex = 0; path = SkyCast.app; sourceTree = BUILT_PRODUCTS_DIR; };
		760066FB2C7EC5860053144B /* SkyCastApp.swift */ = {isa = PBXFileReference; lastKnownFileType = sourcecode.swift; path = SkyCastApp.swift; sourceTree = "<group>"; };
		760066FD2C7EC5860053144B /* ContentView.swift */ = {isa = PBXFileReference; lastKnownFileType = sourcecode.swift; path = ContentView.swift; sourceTree = "<group>"; };
		760066FF2C7EC5880053144B /* Assets.xcassets */ = {isa = PBXFileReference; lastKnownFileType = folder.assetcatalog; path = Assets.xcassets; sourceTree = "<group>"; };
		760067022C7EC5880053144B /* Preview Assets.xcassets */ = {isa = PBXFileReference; lastKnownFileType = folder.assetcatalog; path = "Preview Assets.xcassets"; sourceTree = "<group>"; };
		760067082C7EC5880053144B /* SkyCastTests.xctest */ = {isa = PBXFileReference; explicitFileType = wrapper.cfbundle; includeInIndex = 0; path = SkyCastTests.xctest; sourceTree = BUILT_PRODUCTS_DIR; };
		7600670C2C7EC5880053144B /* SkyCastTests.swift */ = {isa = PBXFileReference; lastKnownFileType = sourcecode.swift; path = SkyCastTests.swift; sourceTree = "<group>"; };
		760067122C7EC5880053144B /* SkyCastUITests.xctest */ = {isa = PBXFileReference; explicitFileType = wrapper.cfbundle; includeInIndex = 0; path = SkyCastUITests.xctest; sourceTree = BUILT_PRODUCTS_DIR; };
		760067162C7EC5880053144B /* SkyCastUITests.swift */ = {isa = PBXFileReference; lastKnownFileType = sourcecode.swift; path = SkyCastUITests.swift; sourceTree = "<group>"; };
		760067182C7EC5880053144B /* SkyCastUITestsLaunchTests.swift */ = {isa = PBXFileReference; lastKnownFileType = sourcecode.swift; path = SkyCastUITestsLaunchTests.swift; sourceTree = "<group>"; };
		760067262C7EC7560053144B /* Location Manager.swift */ = {isa = PBXFileReference; lastKnownFileType = sourcecode.swift; path = "Location Manager.swift"; sourceTree = "<group>"; };
		760067292C7ED4310053144B /* WelcomeView.swift */ = {isa = PBXFileReference; lastKnownFileType = sourcecode.swift; path = WelcomeView.swift; sourceTree = "<group>"; };
		7600672B2C7EEFCA0053144B /* LoadingView.swift */ = {isa = PBXFileReference; lastKnownFileType = sourcecode.swift; path = LoadingView.swift; sourceTree = "<group>"; };
		7600672D2C7EFDA60053144B /* Weather Manager.swift */ = {isa = PBXFileReference; lastKnownFileType = sourcecode.swift; path = "Weather Manager.swift"; sourceTree = "<group>"; };
		7600672F2C7F114D0053144B /* WeatherView.swift */ = {isa = PBXFileReference; lastKnownFileType = sourcecode.swift; path = WeatherView.swift; sourceTree = "<group>"; };
		760067312C7F12480053144B /* ModelData.swift */ = {isa = PBXFileReference; lastKnownFileType = sourcecode.swift; path = ModelData.swift; sourceTree = "<group>"; };
		760067332C7F128D0053144B /* weatherData.json */ = {isa = PBXFileReference; lastKnownFileType = text.json; path = weatherData.json; sourceTree = "<group>"; };
		760067352C7F13D50053144B /* Extensions.swift */ = {isa = PBXFileReference; lastKnownFileType = sourcecode.swift; path = Extensions.swift; sourceTree = "<group>"; };
		760067382C7F21E30053144B /* WeatherRow.swift */ = {isa = PBXFileReference; lastKnownFileType = sourcecode.swift; path = WeatherRow.swift; sourceTree = "<group>"; };
		7600673A2C8021BC0053144B /* HomeView.swift */ = {isa = PBXFileReference; lastKnownFileType = sourcecode.swift; path = HomeView.swift; sourceTree = "<group>"; };
		7600673E2C8022390053144B /* ShareLocationView.swift */ = {isa = PBXFileReference; lastKnownFileType = sourcecode.swift; path = ShareLocationView.swift; sourceTree = "<group>"; };
/* End PBXFileReference section */

/* Begin PBXFrameworksBuildPhase section */
		760066F52C7EC5860053144B /* Frameworks */ = {
			isa = PBXFrameworksBuildPhase;
			buildActionMask = 2147483647;
			files = (
			);
			runOnlyForDeploymentPostprocessing = 0;
		};
		760067052C7EC5880053144B /* Frameworks */ = {
			isa = PBXFrameworksBuildPhase;
			buildActionMask = 2147483647;
			files = (
			);
			runOnlyForDeploymentPostprocessing = 0;
		};
		7600670F2C7EC5880053144B /* Frameworks */ = {
			isa = PBXFrameworksBuildPhase;
			buildActionMask = 2147483647;
			files = (
			);
			runOnlyForDeploymentPostprocessing = 0;
		};
/* End PBXFrameworksBuildPhase section */

/* Begin PBXGroup section */
		760066EF2C7EC5860053144B = {
			isa = PBXGroup;
			children = (
				760066FA2C7EC5860053144B /* SkyCast */,
				7600670B2C7EC5880053144B /* SkyCastTests */,
				760067152C7EC5880053144B /* SkyCastUITests */,
				760066F92C7EC5860053144B /* Products */,
			);
			sourceTree = "<group>";
		};
		760066F92C7EC5860053144B /* Products */ = {
			isa = PBXGroup;
			children = (
				760066F82C7EC5860053144B /* SkyCast.app */,
				760067082C7EC5880053144B /* SkyCastTests.xctest */,
				760067122C7EC5880053144B /* SkyCastUITests.xctest */,
			);
			name = Products;
			sourceTree = "<group>";
		};
		760066FA2C7EC5860053144B /* SkyCast */ = {
			isa = PBXGroup;
			children = (
				760067372C7F21BE0053144B /* Components */,
				760067282C7ED3920053144B /* Views */,
				760067252C7EC7120053144B /* Managers */,
				760066FB2C7EC5860053144B /* SkyCastApp.swift */,
				760066FF2C7EC5880053144B /* Assets.xcassets */,
				760067012C7EC5880053144B /* Preview Content */,
				760067352C7F13D50053144B /* Extensions.swift */,
			);
			path = SkyCast;
			sourceTree = "<group>";
		};
		760067012C7EC5880053144B /* Preview Content */ = {
			isa = PBXGroup;
			children = (
				760067022C7EC5880053144B /* Preview Assets.xcassets */,
				760067312C7F12480053144B /* ModelData.swift */,
				760067332C7F128D0053144B /* weatherData.json */,
			);
			path = "Preview Content";
			sourceTree = "<group>";
		};
		7600670B2C7EC5880053144B /* SkyCastTests */ = {
			isa = PBXGroup;
			children = (
				7600670C2C7EC5880053144B /* SkyCastTests.swift */,
			);
			path = SkyCastTests;
			sourceTree = "<group>";
		};
		760067152C7EC5880053144B /* SkyCastUITests */ = {
			isa = PBXGroup;
			children = (
				760067162C7EC5880053144B /* SkyCastUITests.swift */,
				760067182C7EC5880053144B /* SkyCastUITestsLaunchTests.swift */,
			);
			path = SkyCastUITests;
			sourceTree = "<group>";
		};
		760067252C7EC7120053144B /* Managers */ = {
			isa = PBXGroup;
			children = (
				760067262C7EC7560053144B /* Location Manager.swift */,
				7600672D2C7EFDA60053144B /* Weather Manager.swift */,
			);
			path = Managers;
			sourceTree = "<group>";
		};
		760067282C7ED3920053144B /* Views */ = {
			isa = PBXGroup;
			children = (
				760066FD2C7EC5860053144B /* ContentView.swift */,
				760067292C7ED4310053144B /* WelcomeView.swift */,
				7600672B2C7EEFCA0053144B /* LoadingView.swift */,
				7600672F2C7F114D0053144B /* WeatherView.swift */,
				7600673A2C8021BC0053144B /* HomeView.swift */,
				7600673E2C8022390053144B /* ShareLocationView.swift */,
			);
			path = Views;
			sourceTree = "<group>";
		};
		760067372C7F21BE0053144B /* Components */ = {
			isa = PBXGroup;
			children = (
				760067382C7F21E30053144B /* WeatherRow.swift */,
			);
			path = Components;
			sourceTree = "<group>";
		};
/* End PBXGroup section */

/* Begin PBXNativeTarget section */
		760066F72C7EC5860053144B /* SkyCast */ = {
			isa = PBXNativeTarget;
			buildConfigurationList = 7600671C2C7EC5880053144B /* Build configuration list for PBXNativeTarget "SkyCast" */;
			buildPhases = (
				760066F42C7EC5860053144B /* Sources */,
				760066F52C7EC5860053144B /* Frameworks */,
				760066F62C7EC5860053144B /* Resources */,
			);
			buildRules = (
			);
			dependencies = (
			);
			name = SkyCast;
			productName = SkyCast;
			productReference = 760066F82C7EC5860053144B /* SkyCast.app */;
			productType = "com.apple.product-type.application";
		};
		760067072C7EC5880053144B /* SkyCastTests */ = {
			isa = PBXNativeTarget;
			buildConfigurationList = 7600671F2C7EC5880053144B /* Build configuration list for PBXNativeTarget "SkyCastTests" */;
			buildPhases = (
				760067042C7EC5880053144B /* Sources */,
				760067052C7EC5880053144B /* Frameworks */,
				760067062C7EC5880053144B /* Resources */,
			);
			buildRules = (
			);
			dependencies = (
				7600670A2C7EC5880053144B /* PBXTargetDependency */,
			);
			name = SkyCastTests;
			productName = SkyCastTests;
			productReference = 760067082C7EC5880053144B /* SkyCastTests.xctest */;
			productType = "com.apple.product-type.bundle.unit-test";
		};
		760067112C7EC5880053144B /* SkyCastUITests */ = {
			isa = PBXNativeTarget;
			buildConfigurationList = 760067222C7EC5880053144B /* Build configuration list for PBXNativeTarget "SkyCastUITests" */;
			buildPhases = (
				7600670E2C7EC5880053144B /* Sources */,
				7600670F2C7EC5880053144B /* Frameworks */,
				760067102C7EC5880053144B /* Resources */,
			);
			buildRules = (
			);
			dependencies = (
				760067142C7EC5880053144B /* PBXTargetDependency */,
			);
			name = SkyCastUITests;
			productName = SkyCastUITests;
			productReference = 760067122C7EC5880053144B /* SkyCastUITests.xctest */;
			productType = "com.apple.product-type.bundle.ui-testing";
		};
/* End PBXNativeTarget section */

/* Begin PBXProject section */
		760066F02C7EC5860053144B /* Project object */ = {
			isa = PBXProject;
			attributes = {
				BuildIndependentTargetsInParallel = 1;
				LastSwiftUpdateCheck = 1540;
				LastUpgradeCheck = 1540;
				TargetAttributes = {
					760066F72C7EC5860053144B = {
						CreatedOnToolsVersion = 15.4;
					};
					760067072C7EC5880053144B = {
						CreatedOnToolsVersion = 15.4;
						TestTargetID = 760066F72C7EC5860053144B;
					};
					760067112C7EC5880053144B = {
						CreatedOnToolsVersion = 15.4;
						TestTargetID = 760066F72C7EC5860053144B;
					};
				};
			};
			buildConfigurationList = 760066F32C7EC5860053144B /* Build configuration list for PBXProject "SkyCast" */;
			compatibilityVersion = "Xcode 14.0";
			developmentRegion = en;
			hasScannedForEncodings = 0;
			knownRegions = (
				en,
				Base,
			);
			mainGroup = 760066EF2C7EC5860053144B;
			productRefGroup = 760066F92C7EC5860053144B /* Products */;
			projectDirPath = "";
			projectRoot = "";
			targets = (
				760066F72C7EC5860053144B /* SkyCast */,
				760067072C7EC5880053144B /* SkyCastTests */,
				760067112C7EC5880053144B /* SkyCastUITests */,
			);
		};
/* End PBXProject section */

/* Begin PBXResourcesBuildPhase section */
		760066F62C7EC5860053144B /* Resources */ = {
			isa = PBXResourcesBuildPhase;
			buildActionMask = 2147483647;
			files = (
				760067032C7EC5880053144B /* Preview Assets.xcassets in Resources */,
				760067342C7F128D0053144B /* weatherData.json in Resources */,
				760067002C7EC5880053144B /* Assets.xcassets in Resources */,
			);
			runOnlyForDeploymentPostprocessing = 0;
		};
		760067062C7EC5880053144B /* Resources */ = {
			isa = PBXResourcesBuildPhase;
			buildActionMask = 2147483647;
			files = (
			);
			runOnlyForDeploymentPostprocessing = 0;
		};
		760067102C7EC5880053144B /* Resources */ = {
			isa = PBXResourcesBuildPhase;
			buildActionMask = 2147483647;
			files = (
			);
			runOnlyForDeploymentPostprocessing = 0;
		};
/* End PBXResourcesBuildPhase section */

/* Begin PBXSourcesBuildPhase section */
		760066F42C7EC5860053144B /* Sources */ = {
			isa = PBXSourcesBuildPhase;
			buildActionMask = 2147483647;
			files = (
				760066FE2C7EC5860053144B /* ContentView.swift in Sources */,
				760067362C7F13D50053144B /* Extensions.swift in Sources */,
				7600672E2C7EFDA60053144B /* Weather Manager.swift in Sources */,
				760067272C7EC7560053144B /* Location Manager.swift in Sources */,
				760066FC2C7EC5860053144B /* SkyCastApp.swift in Sources */,
				7600673B2C8021BC0053144B /* HomeView.swift in Sources */,
				760067392C7F21E30053144B /* WeatherRow.swift in Sources */,
				7600672C2C7EEFCA0053144B /* LoadingView.swift in Sources */,
				760067322C7F12480053144B /* ModelData.swift in Sources */,
				7600673F2C8022390053144B /* ShareLocationView.swift in Sources */,
				760067302C7F114D0053144B /* WeatherView.swift in Sources */,
				7600672A2C7ED4310053144B /* WelcomeView.swift in Sources */,
			);
			runOnlyForDeploymentPostprocessing = 0;
		};
		760067042C7EC5880053144B /* Sources */ = {
			isa = PBXSourcesBuildPhase;
			buildActionMask = 2147483647;
			files = (
				7600670D2C7EC5880053144B /* SkyCastTests.swift in Sources */,
			);
			runOnlyForDeploymentPostprocessing = 0;
		};
		7600670E2C7EC5880053144B /* Sources */ = {
			isa = PBXSourcesBuildPhase;
			buildActionMask = 2147483647;
			files = (
				760067172C7EC5880053144B /* SkyCastUITests.swift in Sources */,
				760067192C7EC5880053144B /* SkyCastUITestsLaunchTests.swift in Sources */,
			);
			runOnlyForDeploymentPostprocessing = 0;
		};
/* End PBXSourcesBuildPhase section */

/* Begin PBXTargetDependency section */
		7600670A2C7EC5880053144B /* PBXTargetDependency */ = {
			isa = PBXTargetDependency;
			target = 760066F72C7EC5860053144B /* SkyCast */;
			targetProxy = 760067092C7EC5880053144B /* PBXContainerItemProxy */;
		};
		760067142C7EC5880053144B /* PBXTargetDependency */ = {
			isa = PBXTargetDependency;
			target = 760066F72C7EC5860053144B /* SkyCast */;
			targetProxy = 760067132C7EC5880053144B /* PBXContainerItemProxy */;
		};
/* End PBXTargetDependency section */

/* Begin XCBuildConfiguration section */
		7600671A2C7EC5880053144B /* Debug */ = {
			isa = XCBuildConfiguration;
			buildSettings = {
				ALWAYS_SEARCH_USER_PATHS = NO;
				ASSETCATALOG_COMPILER_GENERATE_SWIFT_ASSET_SYMBOL_EXTENSIONS = YES;
				CLANG_ANALYZER_NONNULL = YES;
				CLANG_ANALYZER_NUMBER_OBJECT_CONVERSION = YES_AGGRESSIVE;
				CLANG_CXX_LANGUAGE_STANDARD = "gnu++20";
				CLANG_ENABLE_MODULES = YES;
				CLANG_ENABLE_OBJC_ARC = YES;
				CLANG_ENABLE_OBJC_WEAK = YES;
				CLANG_WARN_BLOCK_CAPTURE_AUTORELEASING = YES;
				CLANG_WARN_BOOL_CONVERSION = YES;
				CLANG_WARN_COMMA = YES;
				CLANG_WARN_CONSTANT_CONVERSION = YES;
				CLANG_WARN_DEPRECATED_OBJC_IMPLEMENTATIONS = YES;
				CLANG_WARN_DIRECT_OBJC_ISA_USAGE = YES_ERROR;
				CLANG_WARN_DOCUMENTATION_COMMENTS = YES;
				CLANG_WARN_EMPTY_BODY = YES;
				CLANG_WARN_ENUM_CONVERSION = YES;
				CLANG_WARN_INFINITE_RECURSION = YES;
				CLANG_WARN_INT_CONVERSION = YES;
				CLANG_WARN_NON_LITERAL_NULL_CONVERSION = YES;
				CLANG_WARN_OBJC_IMPLICIT_RETAIN_SELF = YES;
				CLANG_WARN_OBJC_LITERAL_CONVERSION = YES;
				CLANG_WARN_OBJC_ROOT_CLASS = YES_ERROR;
				CLANG_WARN_QUOTED_INCLUDE_IN_FRAMEWORK_HEADER = YES;
				CLANG_WARN_RANGE_LOOP_ANALYSIS = YES;
				CLANG_WARN_STRICT_PROTOTYPES = YES;
				CLANG_WARN_SUSPICIOUS_MOVE = YES;
				CLANG_WARN_UNGUARDED_AVAILABILITY = YES_AGGRESSIVE;
				CLANG_WARN_UNREACHABLE_CODE = YES;
				CLANG_WARN__DUPLICATE_METHOD_MATCH = YES;
				COPY_PHASE_STRIP = NO;
				DEBUG_INFORMATION_FORMAT = dwarf;
				ENABLE_STRICT_OBJC_MSGSEND = YES;
				ENABLE_TESTABILITY = YES;
				ENABLE_USER_SCRIPT_SANDBOXING = YES;
				GCC_C_LANGUAGE_STANDARD = gnu17;
				GCC_DYNAMIC_NO_PIC = NO;
				GCC_NO_COMMON_BLOCKS = YES;
				GCC_OPTIMIZATION_LEVEL = 0;
				GCC_PREPROCESSOR_DEFINITIONS = (
					"DEBUG=1",
					"$(inherited)",
				);
				GCC_WARN_64_TO_32_BIT_CONVERSION = YES;
				GCC_WARN_ABOUT_RETURN_TYPE = YES_ERROR;
				GCC_WARN_UNDECLARED_SELECTOR = YES;
				GCC_WARN_UNINITIALIZED_AUTOS = YES_AGGRESSIVE;
				GCC_WARN_UNUSED_FUNCTION = YES;
				GCC_WARN_UNUSED_VARIABLE = YES;
				IPHONEOS_DEPLOYMENT_TARGET = 17.5;
				LOCALIZATION_PREFERS_STRING_CATALOGS = YES;
				MTL_ENABLE_DEBUG_INFO = INCLUDE_SOURCE;
				MTL_FAST_MATH = YES;
				ONLY_ACTIVE_ARCH = YES;
				SDKROOT = iphoneos;
				SWIFT_ACTIVE_COMPILATION_CONDITIONS = "DEBUG $(inherited)";
				SWIFT_OPTIMIZATION_LEVEL = "-Onone";
			};
			name = Debug;
		};
		7600671B2C7EC5880053144B /* Release */ = {
			isa = XCBuildConfiguration;
			buildSettings = {
				ALWAYS_SEARCH_USER_PATHS = NO;
				ASSETCATALOG_COMPILER_GENERATE_SWIFT_ASSET_SYMBOL_EXTENSIONS = YES;
				CLANG_ANALYZER_NONNULL = YES;
				CLANG_ANALYZER_NUMBER_OBJECT_CONVERSION = YES_AGGRESSIVE;
				CLANG_CXX_LANGUAGE_STANDARD = "gnu++20";
				CLANG_ENABLE_MODULES = YES;
				CLANG_ENABLE_OBJC_ARC = YES;
				CLANG_ENABLE_OBJC_WEAK = YES;
				CLANG_WARN_BLOCK_CAPTURE_AUTORELEASING = YES;
				CLANG_WARN_BOOL_CONVERSION = YES;
				CLANG_WARN_COMMA = YES;
				CLANG_WARN_CONSTANT_CONVERSION = YES;
				CLANG_WARN_DEPRECATED_OBJC_IMPLEMENTATIONS = YES;
				CLANG_WARN_DIRECT_OBJC_ISA_USAGE = YES_ERROR;
				CLANG_WARN_DOCUMENTATION_COMMENTS = YES;
				CLANG_WARN_EMPTY_BODY = YES;
				CLANG_WARN_ENUM_CONVERSION = YES;
				CLANG_WARN_INFINITE_RECURSION = YES;
				CLANG_WARN_INT_CONVERSION = YES;
				CLANG_WARN_NON_LITERAL_NULL_CONVERSION = YES;
				CLANG_WARN_OBJC_IMPLICIT_RETAIN_SELF = YES;
				CLANG_WARN_OBJC_LITERAL_CONVERSION = YES;
				CLANG_WARN_OBJC_ROOT_CLASS = YES_ERROR;
				CLANG_WARN_QUOTED_INCLUDE_IN_FRAMEWORK_HEADER = YES;
				CLANG_WARN_RANGE_LOOP_ANALYSIS = YES;
				CLANG_WARN_STRICT_PROTOTYPES = YES;
				CLANG_WARN_SUSPICIOUS_MOVE = YES;
				CLANG_WARN_UNGUARDED_AVAILABILITY = YES_AGGRESSIVE;
				CLANG_WARN_UNREACHABLE_CODE = YES;
				CLANG_WARN__DUPLICATE_METHOD_MATCH = YES;
				COPY_PHASE_STRIP = NO;
				DEBUG_INFORMATION_FORMAT = "dwarf-with-dsym";
				ENABLE_NS_ASSERTIONS = NO;
				ENABLE_STRICT_OBJC_MSGSEND = YES;
				ENABLE_USER_SCRIPT_SANDBOXING = YES;
				GCC_C_LANGUAGE_STANDARD = gnu17;
				GCC_NO_COMMON_BLOCKS = YES;
				GCC_WARN_64_TO_32_BIT_CONVERSION = YES;
				GCC_WARN_ABOUT_RETURN_TYPE = YES_ERROR;
				GCC_WARN_UNDECLARED_SELECTOR = YES;
				GCC_WARN_UNINITIALIZED_AUTOS = YES_AGGRESSIVE;
				GCC_WARN_UNUSED_FUNCTION = YES;
				GCC_WARN_UNUSED_VARIABLE = YES;
				IPHONEOS_DEPLOYMENT_TARGET = 17.5;
				LOCALIZATION_PREFERS_STRING_CATALOGS = YES;
				MTL_ENABLE_DEBUG_INFO = NO;
				MTL_FAST_MATH = YES;
				SDKROOT = iphoneos;
				SWIFT_COMPILATION_MODE = wholemodule;
				VALIDATE_PRODUCT = YES;
			};
			name = Release;
		};
		7600671D2C7EC5880053144B /* Debug */ = {
			isa = XCBuildConfiguration;
			buildSettings = {
				ASSETCATALOG_COMPILER_APPICON_NAME = AppIcon;
				ASSETCATALOG_COMPILER_GLOBAL_ACCENT_COLOR_NAME = AccentColor;
				CODE_SIGN_STYLE = Automatic;
				CURRENT_PROJECT_VERSION = 1;
				DEVELOPMENT_ASSET_PATHS = "\"SkyCast/Preview Content\"";
				DEVELOPMENT_TEAM = 2BYHW87G5H;
				ENABLE_PREVIEWS = YES;
				GENERATE_INFOPLIST_FILE = YES;
				INFOPLIST_KEY_UIApplicationSceneManifest_Generation = YES;
				INFOPLIST_KEY_UIApplicationSupportsIndirectInputEvents = YES;
				INFOPLIST_KEY_UILaunchScreen_Generation = YES;
				INFOPLIST_KEY_UISupportedInterfaceOrientations_iPad = "UIInterfaceOrientationPortrait UIInterfaceOrientationPortraitUpsideDown UIInterfaceOrientationLandscapeLeft UIInterfaceOrientationLandscapeRight";
				INFOPLIST_KEY_UISupportedInterfaceOrientations_iPhone = "UIInterfaceOrientationPortrait UIInterfaceOrientationLandscapeLeft UIInterfaceOrientationLandscapeRight";
				LD_RUNPATH_SEARCH_PATHS = (
					"$(inherited)",
					"@executable_path/Frameworks",
				);
				MARKETING_VERSION = 1.0;
				PRODUCT_BUNDLE_IDENTIFIER = Bhavesh.SkyCast;
				PRODUCT_NAME = "$(TARGET_NAME)";
				SWIFT_EMIT_LOC_STRINGS = YES;
				SWIFT_VERSION = 5.0;
				TARGETED_DEVICE_FAMILY = "1,2";
			};
			name = Debug;
		};
		7600671E2C7EC5880053144B /* Release */ = {
			isa = XCBuildConfiguration;
			buildSettings = {
				ASSETCATALOG_COMPILER_APPICON_NAME = AppIcon;
				ASSETCATALOG_COMPILER_GLOBAL_ACCENT_COLOR_NAME = AccentColor;
				CODE_SIGN_STYLE = Automatic;
				CURRENT_PROJECT_VERSION = 1;
				DEVELOPMENT_ASSET_PATHS = "\"SkyCast/Preview Content\"";
				DEVELOPMENT_TEAM = 2BYHW87G5H;
				ENABLE_PREVIEWS = YES;
				GENERATE_INFOPLIST_FILE = YES;
				INFOPLIST_KEY_UIApplicationSceneManifest_Generation = YES;
				INFOPLIST_KEY_UIApplicationSupportsIndirectInputEvents = YES;
				INFOPLIST_KEY_UILaunchScreen_Generation = YES;
				INFOPLIST_KEY_UISupportedInterfaceOrientations_iPad = "UIInterfaceOrientationPortrait UIInterfaceOrientationPortraitUpsideDown UIInterfaceOrientationLandscapeLeft UIInterfaceOrientationLandscapeRight";
				INFOPLIST_KEY_UISupportedInterfaceOrientations_iPhone = "UIInterfaceOrientationPortrait UIInterfaceOrientationLandscapeLeft UIInterfaceOrientationLandscapeRight";
				LD_RUNPATH_SEARCH_PATHS = (
					"$(inherited)",
					"@executable_path/Frameworks",
				);
				MARKETING_VERSION = 1.0;
				PRODUCT_BUNDLE_IDENTIFIER = Bhavesh.SkyCast;
				PRODUCT_NAME = "$(TARGET_NAME)";
				SWIFT_EMIT_LOC_STRINGS = YES;
				SWIFT_VERSION = 5.0;
				TARGETED_DEVICE_FAMILY = "1,2";
			};
			name = Release;
		};
		760067202C7EC5880053144B /* Debug */ = {
			isa = XCBuildConfiguration;
			buildSettings = {
				ALWAYS_EMBED_SWIFT_STANDARD_LIBRARIES = YES;
				BUNDLE_LOADER = "$(TEST_HOST)";
				CODE_SIGN_STYLE = Automatic;
				CURRENT_PROJECT_VERSION = 1;
				GENERATE_INFOPLIST_FILE = YES;
				IPHONEOS_DEPLOYMENT_TARGET = 17.5;
				MARKETING_VERSION = 1.0;
				PRODUCT_BUNDLE_IDENTIFIER = Bhavesh.SkyCastTests;
				PRODUCT_NAME = "$(TARGET_NAME)";
				SWIFT_EMIT_LOC_STRINGS = NO;
				SWIFT_VERSION = 5.0;
				TARGETED_DEVICE_FAMILY = "1,2";
				TEST_HOST = "$(BUILT_PRODUCTS_DIR)/SkyCast.app/$(BUNDLE_EXECUTABLE_FOLDER_PATH)/SkyCast";
			};
			name = Debug;
		};
		760067212C7EC5880053144B /* Release */ = {
			isa = XCBuildConfiguration;
			buildSettings = {
				ALWAYS_EMBED_SWIFT_STANDARD_LIBRARIES = YES;
				BUNDLE_LOADER = "$(TEST_HOST)";
				CODE_SIGN_STYLE = Automatic;
				CURRENT_PROJECT_VERSION = 1;
				GENERATE_INFOPLIST_FILE = YES;
				IPHONEOS_DEPLOYMENT_TARGET = 17.5;
				MARKETING_VERSION = 1.0;
				PRODUCT_BUNDLE_IDENTIFIER = Bhavesh.SkyCastTests;
				PRODUCT_NAME = "$(TARGET_NAME)";
				SWIFT_EMIT_LOC_STRINGS = NO;
				SWIFT_VERSION = 5.0;
				TARGETED_DEVICE_FAMILY = "1,2";
				TEST_HOST = "$(BUILT_PRODUCTS_DIR)/SkyCast.app/$(BUNDLE_EXECUTABLE_FOLDER_PATH)/SkyCast";
			};
			name = Release;
		};
		760067232C7EC5880053144B /* Debug */ = {
			isa = XCBuildConfiguration;
			buildSettings = {
				ALWAYS_EMBED_SWIFT_STANDARD_LIBRARIES = YES;
				CODE_SIGN_STYLE = Automatic;
				CURRENT_PROJECT_VERSION = 1;
				GENERATE_INFOPLIST_FILE = YES;
				MARKETING_VERSION = 1.0;
				PRODUCT_BUNDLE_IDENTIFIER = Bhavesh.SkyCastUITests;
				PRODUCT_NAME = "$(TARGET_NAME)";
				SWIFT_EMIT_LOC_STRINGS = NO;
				SWIFT_VERSION = 5.0;
				TARGETED_DEVICE_FAMILY = "1,2";
				TEST_TARGET_NAME = SkyCast;
			};
			name = Debug;
		};
		760067242C7EC5880053144B /* Release */ = {
			isa = XCBuildConfiguration;
			buildSettings = {
				ALWAYS_EMBED_SWIFT_STANDARD_LIBRARIES = YES;
				CODE_SIGN_STYLE = Automatic;
				CURRENT_PROJECT_VERSION = 1;
				GENERATE_INFOPLIST_FILE = YES;
				MARKETING_VERSION = 1.0;
				PRODUCT_BUNDLE_IDENTIFIER = Bhavesh.SkyCastUITests;
				PRODUCT_NAME = "$(TARGET_NAME)";
				SWIFT_EMIT_LOC_STRINGS = NO;
				SWIFT_VERSION = 5.0;
				TARGETED_DEVICE_FAMILY = "1,2";
				TEST_TARGET_NAME = SkyCast;
			};
			name = Release;
		};
/* End XCBuildConfiguration section */

/* Begin XCConfigurationList section */
		760066F32C7EC5860053144B /* Build configuration list for PBXProject "SkyCast" */ = {
			isa = XCConfigurationList;
			buildConfigurations = (
				7600671A2C7EC5880053144B /* Debug */,
				7600671B2C7EC5880053144B /* Release */,
			);
			defaultConfigurationIsVisible = 0;
			defaultConfigurationName = Release;
		};
		7600671C2C7EC5880053144B /* Build configuration list for PBXNativeTarget "SkyCast" */ = {
			isa = XCConfigurationList;
			buildConfigurations = (
				7600671D2C7EC5880053144B /* Debug */,
				7600671E2C7EC5880053144B /* Release */,
			);
			defaultConfigurationIsVisible = 0;
			defaultConfigurationName = Release;
		};
		7600671F2C7EC5880053144B /* Build configuration list for PBXNativeTarget "SkyCastTests" */ = {
			isa = XCConfigurationList;
			buildConfigurations = (
				760067202C7EC5880053144B /* Debug */,
				760067212C7EC5880053144B /* Release */,
			);
			defaultConfigurationIsVisible = 0;
			defaultConfigurationName = Release;
		};
		760067222C7EC5880053144B /* Build configuration list for PBXNativeTarget "SkyCastUITests" */ = {
			isa = XCConfigurationList;
			buildConfigurations = (
				760067232C7EC5880053144B /* Debug */,
				760067242C7EC5880053144B /* Release */,
			);
			defaultConfigurationIsVisible = 0;
			defaultConfigurationName = Release;
		};
/* End XCConfigurationList section */
	};
	rootObject = 760066F02C7EC5860053144B /* Project object */;
}
